{
  "version": "1",
  "sources": {
    "nixpkgs": {
      "type": "GitHub",
      "fetchType": "tarball",
      "owner": "NixOS",
      "repo": "nixpkgs",
      "branch": "nixpkgs-unstable",
      "revision": "76eec3925eb9bbe193934987d3285473dbcfad50",
      "url": "https://github.com/NixOS/nixpkgs/archive/76eec3925eb9bbe193934987d3285473dbcfad50.tar.gz",
      "hash": "sha256-kDpoFwQ8GLrPiS3KL+sAwreXrph2KhdXuJzo5+vSLoo="
    }
  }
}
