{
  "version": "1",
  "sources": {
    "nixpkgs": {
      "type": "GitHub",
      "fetchType": "tarball",
      "owner": "NixOS",
      "repo": "nixpkgs",
      "branch": "nixpkgs-unstable",
      "revision": "870493f9a8cb0b074ae5b411b2f232015db19a65",
      "url": "https://github.com/NixOS/nixpkgs/archive/870493f9a8cb0b074ae5b411b2f232015db19a65.tar.gz",
      "hash": "sha256-BMsGVfKl4Q80Pr9T1AkCRljO1bpwCmY8rTBVj8XGuhA="
    }
  }
}
