{
  "version": "1",
  "sources": {
    "nixpkgs": {
      "type": "GitHub",
      "fetchType": "tarball",
      "owner": "NixOS",
      "repo": "nixpkgs",
      "branch": "nixpkgs-unstable",
      "revision": "5d6bdbddb4695a62f0d00a3620b37a15275a5093",
      "url": "https://github.com/NixOS/nixpkgs/archive/5d6bdbddb4695a62f0d00a3620b37a15275a5093.tar.gz",
      "hash": "sha256-jlQpSkg2sK6IJVzTQBDyRxQZgKADC2HKMRfGCSgNMHo="
    }
  }
}
